# This file is autogenerated, do not edit; changes may be undone by the next 'dep ensure'.


[[projects]]
  branch = "v3"
  name = "gopkg.in/olebedev/go-duktape.v3"
  packages = ["."]
  revision = "3c4db4ad4f2db84859454dc805d6eb7d8051a8ce"

[solve-meta]
  analyzer-name = "dep"
  analyzer-version = 1
  inputs-digest = "8dd97dcb45a5ec4b0e468fa08b69cde5d49f3f94ab9453e519be497030692a8f"
  solver-name = "gps-cdcl"
  solver-version = 1
